
Microsoft Visual Studio Solution File, Format Version 12.00
# Visual Studio Version 16
VisualStudioVersion = 16.0.30907.101
MinimumVisualStudioVersion = 10.0.40219.1
Project("{FAE04EC0-301F-11D3-BF4B-00C04F79EFBC}") = "Multiplication", "Multiplication\Multiplication.csproj", "{7621899C-0ABB-4011-874B-DE1FF5866EC0}"
EndProject
Global
	GlobalSection(SolutionConfigurationPlatforms) = preSolution
		Debug|Any CPU = Debug|Any CPU
		Release|Any CPU = Release|Any CPU
	EndGlobalSection
	GlobalSection(ProjectConfigurationPlatforms) = postSolution
		{7621899C-0ABB-4011-874B-DE1FF5866EC0}.Debug|Any CPU.ActiveCfg = Debug|Any CPU
		{7621899C-0ABB-4011-874B-DE1FF5866EC0}.Debug|Any CPU.Build.0 = Debug|Any CPU
		{7621899C-0ABB-4011-874B-DE1FF5866EC0}.Release|Any CPU.ActiveCfg = Release|Any CPU
		{7621899C-0ABB-4011-874B-DE1FF5866EC0}.Release|Any CPU.Build.0 = Release|Any CPU
	EndGlobalSection
	GlobalSection(SolutionProperties) = preSolution
		HideSolutionNode = FALSE
	EndGlobalSection
	GlobalSection(ExtensibilityGlobals) = postSolution
		SolutionGuid = {CF3226B2-EF59-4FE8-96B4-530B5DD40686}
	EndGlobalSection
EndGlobal
